// !$*UTF8*$!
{
	archiveVersion = 1;
	classes = {
	};
	objectVersion = 46;
	objects = {

/* Begin PBXBuildFile section */
		6014DF461D98498300CD6344 /* SearchResultsTableViewController.swift in Sources */ = {isa = PBXBuildFile; fileRef = 6014DF451D98498300CD6344 /* SearchResultsTableViewController.swift */; };
		6014DF481D985E9F00CD6344 /* ListingTableViewCell.swift in Sources */ = {isa = PBXBuildFile; fileRef = 6014DF471D985E9F00CD6344 /* ListingTableViewCell.swift */; };
		60FAD7581D979E35006ECA50 /* AppDelegate.swift in Sources */ = {isa = PBXBuildFile; fileRef = 60FAD7571D979E35006ECA50 /* AppDelegate.swift */; };
		60FAD75A1D979E35006ECA50 /* SearchViewController.swift in Sources */ = {isa = PBXBuildFile; fileRef = 60FAD7591D979E35006ECA50 /* SearchViewController.swift */; };
		60FAD75D1D979E35006ECA50 /* Main.storyboard in Resources */ = {isa = PBXBuildFile; fileRef = 60FAD75B1D979E35006ECA50 /* Main.storyboard */; };
		60FAD75F1D979E35006ECA50 /* Assets.xcassets in Resources */ = {isa = PBXBuildFile; fileRef = 60FAD75E1D979E35006ECA50 /* Assets.xcassets */; };
		60FAD7621D979E35006ECA50 /* LaunchScreen.storyboard in Resources */ = {isa = PBXBuildFile; fileRef = 60FAD7601D979E35006ECA50 /* LaunchScreen.storyboard */; };
/* End PBXBuildFile section */

/* Begin PBXFileReference section */
		6014DF451D98498300CD6344 /* SearchResultsTableViewController.swift */ = {isa = PBXFileReference; fileEncoding = 4; lastKnownFileType = sourcecode.swift; path = SearchResultsTableViewController.swift; sourceTree = "<group>"; };
		6014DF471D985E9F00CD6344 /* ListingTableViewCell.swift */ = {isa = PBXFileReference; fileEncoding = 4; lastKnownFileType = sourcecode.swift; path = ListingTableViewCell.swift; sourceTree = "<group>"; };
		60FAD7541D979E35006ECA50 /* OMDb.app */ = {isa = PBXFileReference; explicitFileType = wrapper.application; includeInIndex = 0; path = OMDb.app; sourceTree = BUILT_PRODUCTS_DIR; };
		60FAD7571D979E35006ECA50 /* AppDelegate.swift */ = {isa = PBXFileReference; lastKnownFileType = sourcecode.swift; path = AppDelegate.swift; sourceTree = "<group>"; };
		60FAD7591D979E35006ECA50 /* SearchViewController.swift */ = {isa = PBXFileReference; lastKnownFileType = sourcecode.swift; path = SearchViewController.swift; sourceTree = "<group>"; };
		60FAD75C1D979E35006ECA50 /* Base */ = {isa = PBXFileReference; lastKnownFileType = file.storyboard; name = Base; path = Base.lproj/Main.storyboard; sourceTree = "<group>"; };
		60FAD75E1D979E35006ECA50 /* Assets.xcassets */ = {isa = PBXFileReference; lastKnownFileType = folder.assetcatalog; path = Assets.xcassets; sourceTree = "<group>"; };
		60FAD7611D979E35006ECA50 /* Base */ = {isa = PBXFileReference; lastKnownFileType = file.storyboard; name = Base; path = Base.lproj/LaunchScreen.storyboard; sourceTree = "<group>"; };
		60FAD7631D979E35006ECA50 /* Info.plist */ = {isa = PBXFileReference; lastKnownFileType = text.plist.xml; path = Info.plist; sourceTree = "<group>"; };
/* End PBXFileReference section */

/* Begin PBXFrameworksBuildPhase section */
		60FAD7511D979E35006ECA50 /* Frameworks */ = {
			isa = PBXFrameworksBuildPhase;
			buildActionMask = 2147483647;
			files = (
			);
			runOnlyForDeploymentPostprocessing = 0;
		};
/* End PBXFrameworksBuildPhase section */

/* Begin PBXGroup section */
		60FAD74B1D979E35006ECA50 = {
			isa = PBXGroup;
			children = (
				60FAD7561D979E35006ECA50 /* OMDb */,
				60FAD7551D979E35006ECA50 /* Products */,
			);
			sourceTree = "<group>";
		};
		60FAD7551D979E35006ECA50 /* Products */ = {
			isa = PBXGroup;
			children = (
				60FAD7541D979E35006ECA50 /* OMDb.app */,
			);
			name = Products;
			sourceTree = "<group>";
		};
		60FAD7561D979E35006ECA50 /* OMDb */ = {
			isa = PBXGroup;
			children = (
				60FAD7571D979E35006ECA50 /* AppDelegate.swift */,
				60FAD7591D979E35006ECA50 /* SearchViewController.swift */,
				60FAD75B1D979E35006ECA50 /* Main.storyboard */,
				60FAD75E1D979E35006ECA50 /* Assets.xcassets */,
				60FAD7601D979E35006ECA50 /* LaunchScreen.storyboard */,
				60FAD7631D979E35006ECA50 /* Info.plist */,
				6014DF451D98498300CD6344 /* SearchResultsTableViewController.swift */,
				6014DF471D985E9F00CD6344 /* ListingTableViewCell.swift */,
			);
			path = OMDb;
			sourceTree = "<group>";
		};
/* End PBXGroup section */

/* Begin PBXNativeTarget section */
		60FAD7531D979E35006ECA50 /* OMDb */ = {
			isa = PBXNativeTarget;
			buildConfigurationList = 60FAD7661D979E35006ECA50 /* Build configuration list for PBXNativeTarget "OMDb" */;
			buildPhases = (
				60FAD7501D979E35006ECA50 /* Sources */,
				60FAD7511D979E35006ECA50 /* Frameworks */,
				60FAD7521D979E35006ECA50 /* Resources */,
			);
			buildRules = (
			);
			dependencies = (
			);
			name = OMDb;
			productName = OMDb;
			productReference = 60FAD7541D979E35006ECA50 /* OMDb.app */;
			productType = "com.apple.product-type.application";
		};
/* End PBXNativeTarget section */

/* Begin PBXProject section */
		60FAD74C1D979E35006ECA50 /* Project object */ = {
			isa = PBXProject;
			attributes = {
				LastSwiftUpdateCheck = 0800;
				LastUpgradeCheck = 0800;
				ORGANIZATIONNAME = Gargs;
				TargetAttributes = {
					60FAD7531D979E35006ECA50 = {
						CreatedOnToolsVersion = 8.0;
						DevelopmentTeam = 4B47J8G8X9;
						ProvisioningStyle = Automatic;
					};
				};
			};
			buildConfigurationList = 60FAD74F1D979E35006ECA50 /* Build configuration list for PBXProject "OMDb" */;
			compatibilityVersion = "Xcode 3.2";
			developmentRegion = English;
			hasScannedForEncodings = 0;
			knownRegions = (
				en,
				Base,
			);
			mainGroup = 60FAD74B1D979E35006ECA50;
			productRefGroup = 60FAD7551D979E35006ECA50 /* Products */;
			projectDirPath = "";
			projectRoot = "";
			targets = (
				60FAD7531D979E35006ECA50 /* OMDb */,
			);
		};
/* End PBXProject section */

/* Begin PBXResourcesBuildPhase section */
		60FAD7521D979E35006ECA50 /* Resources */ = {
			isa = PBXResourcesBuildPhase;
			buildActionMask = 2147483647;
			files = (
				60FAD7621D979E35006ECA50 /* LaunchScreen.storyboard in Resources */,
				60FAD75F1D979E35006ECA50 /* Assets.xcassets in Resources */,
				60FAD75D1D979E35006ECA50 /* Main.storyboard in Resources */,
			);
			runOnlyForDeploymentPostprocessing = 0;
		};
/* End PBXResourcesBuildPhase section */

/* Begin PBXSourcesBuildPhase section */
		60FAD7501D979E35006ECA50 /* Sources */ = {
			isa = PBXSourcesBuildPhase;
			buildActionMask = 2147483647;
			files = (
				60FAD75A1D979E35006ECA50 /* SearchViewController.swift in Sources */,
				60FAD7581D979E35006ECA50 /* AppDelegate.swift in Sources */,
				6014DF481D985E9F00CD6344 /* ListingTableViewCell.swift in Sources */,
				6014DF461D98498300CD6344 /* SearchResultsTableViewController.swift in Sources */,
			);
			runOnlyForDeploymentPostprocessing = 0;
		};
/* End PBXSourcesBuildPhase section */

/* Begin PBXVariantGroup section */
		60FAD75B1D979E35006ECA50 /* Main.storyboard */ = {
			isa = PBXVariantGroup;
			children = (
				60FAD75C1D979E35006ECA50 /* Base */,
			);
			name = Main.storyboard;
			sourceTree = "<group>";
		};
		60FAD7601D979E35006ECA50 /* LaunchScreen.storyboard */ = {
			isa = PBXVariantGroup;
			children = (
				60FAD7611D979E35006ECA50 /* Base */,
			);
			name = LaunchScreen.storyboard;
			sourceTree = "<group>";
		};
/* End PBXVariantGroup section */

/* Begin XCBuildConfiguration section */
		60FAD7641D979E35006ECA50 /* Debug */ = {
			isa = XCBuildConfiguration;
			buildSettings = {
				ALWAYS_SEARCH_USER_PATHS = NO;
				CLANG_ANALYZER_NONNULL = YES;
				CLANG_CXX_LANGUAGE_STANDARD = "gnu++0x";
				CLANG_CXX_LIBRARY = "libc++";
				CLANG_ENABLE_MODULES = YES;
				CLANG_ENABLE_OBJC_ARC = YES;
				CLANG_WARN_BOOL_CONVERSION = YES;
				CLANG_WARN_CONSTANT_CONVERSION = YES;
				CLANG_WARN_DIRECT_OBJC_ISA_USAGE = YES_ERROR;
				CLANG_WARN_DOCUMENTATION_COMMENTS = YES;
				CLANG_WARN_EMPTY_BODY = YES;
				CLANG_WARN_ENUM_CONVERSION = YES;
				CLANG_WARN_INFINITE_RECURSION = YES;
				CLANG_WARN_INT_CONVERSION = YES;
				CLANG_WARN_OBJC_ROOT_CLASS = YES_ERROR;
				CLANG_WARN_SUSPICIOUS_MOVES = YES;
				CLANG_WARN_UNREACHABLE_CODE = YES;
				CLANG_WARN__DUPLICATE_METHOD_MATCH = YES;
				"CODE_SIGN_IDENTITY[sdk=iphoneos*]" = "iPhone Developer";
				COPY_PHASE_STRIP = NO;
				DEBUG_INFORMATION_FORMAT = dwarf;
				ENABLE_STRICT_OBJC_MSGSEND = YES;
				ENABLE_TESTABILITY = YES;
				GCC_C_LANGUAGE_STANDARD = gnu99;
				GCC_DYNAMIC_NO_PIC = NO;
				GCC_NO_COMMON_BLOCKS = YES;
				GCC_OPTIMIZATION_LEVEL = 0;
				GCC_PREPROCESSOR_DEFINITIONS = (
					"DEBUG=1",
					"$(inherited)",
				);
				GCC_WARN_64_TO_32_BIT_CONVERSION = YES;
				GCC_WARN_ABOUT_RETURN_TYPE = YES_ERROR;
				GCC_WARN_UNDECLARED_SELECTOR = YES;
				GCC_WARN_UNINITIALIZED_AUTOS = YES_AGGRESSIVE;
				GCC_WARN_UNUSED_FUNCTION = YES;
				GCC_WARN_UNUSED_VARIABLE = YES;
				IPHONEOS_DEPLOYMENT_TARGET = 10.0;
				MTL_ENABLE_DEBUG_INFO = YES;
				ONLY_ACTIVE_ARCH = YES;
				SDKROOT = iphoneos;
				SWIFT_ACTIVE_COMPILATION_CONDITIONS = DEBUG;
				SWIFT_OPTIMIZATION_LEVEL = "-Onone";
			};
			name = Debug;
		};
		60FAD7651D979E35006ECA50 /* Release */ = {
			isa = XCBuildConfiguration;
			buildSettings = {
				ALWAYS_SEARCH_USER_PATHS = NO;
				CLANG_ANALYZER_NONNULL = YES;
				CLANG_CXX_LANGUAGE_STANDARD = "gnu++0x";
				CLANG_CXX_LIBRARY = "libc++";
				CLANG_ENABLE_MODULES = YES;
				CLANG_ENABLE_OBJC_ARC = YES;
				CLANG_WARN_BOOL_CONVERSION = YES;
				CLANG_WARN_CONSTANT_CONVERSION = YES;
				CLANG_WARN_DIRECT_OBJC_ISA_USAGE = YES_ERROR;
				CLANG_WARN_DOCUMENTATION_COMMENTS = YES;
				CLANG_WARN_EMPTY_BODY = YES;
				CLANG_WARN_ENUM_CONVERSION = YES;
				CLANG_WARN_INFINITE_RECURSION = YES;
				CLANG_WARN_INT_CONVERSION = YES;
				CLANG_WARN_OBJC_ROOT_CLASS = YES_ERROR;
				CLANG_WARN_SUSPICIOUS_MOVES = YES;
				CLANG_WARN_UNREACHABLE_CODE = YES;
				CLANG_WARN__DUPLICATE_METHOD_MATCH = YES;
				"CODE_SIGN_IDENTITY[sdk=iphoneos*]" = "iPhone Developer";
				COPY_PHASE_STRIP = NO;
				DEBUG_INFORMATION_FORMAT = "dwarf-with-dsym";
				ENABLE_NS_ASSERTIONS = NO;
				ENABLE_STRICT_OBJC_MSGSEND = YES;
				GCC_C_LANGUAGE_STANDARD = gnu99;
				GCC_NO_COMMON_BLOCKS = YES;
				GCC_WARN_64_TO_32_BIT_CONVERSION = YES;
				GCC_WARN_ABOUT_RETURN_TYPE = YES_ERROR;
				GCC_WARN_UNDECLARED_SELECTOR = YES;
				GCC_WARN_UNINITIALIZED_AUTOS = YES_AGGRESSIVE;
				GCC_WARN_UNUSED_FUNCTION = YES;
				GCC_WARN_UNUSED_VARIABLE = YES;
				IPHONEOS_DEPLOYMENT_TARGET = 10.0;
				MTL_ENABLE_DEBUG_INFO = NO;
				SDKROOT = iphoneos;
				SWIFT_OPTIMIZATION_LEVEL = "-Owholemodule";
				VALIDATE_PRODUCT = YES;
			};
			name = Release;
		};
		60FAD7671D979E35006ECA50 /* Debug */ = {
			isa = XCBuildConfiguration;
			buildSettings = {
				ASSETCATALOG_COMPILER_APPICON_NAME = AppIcon;
				DEVELOPMENT_TEAM = 4B47J8G8X9;
				INFOPLIST_FILE = OMDb/Info.plist;
				IPHONEOS_DEPLOYMENT_TARGET = 8.0;
				LD_RUNPATH_SEARCH_PATHS = "$(inherited) @executable_path/Frameworks";
				PRODUCT_BUNDLE_IDENTIFIER = com.cerebrawl.OMDb;
				PRODUCT_NAME = "$(TARGET_NAME)";
				SWIFT_VERSION = 3.0;
			};
			name = Debug;
		};
		60FAD7681D979E35006ECA50 /* Release */ = {
			isa = XCBuildConfiguration;
			buildSettings = {
				ASSETCATALOG_COMPILER_APPICON_NAME = AppIcon;
				DEVELOPMENT_TEAM = 4B47J8G8X9;
				INFOPLIST_FILE = OMDb/Info.plist;
				IPHONEOS_DEPLOYMENT_TARGET = 8.0;
				LD_RUNPATH_SEARCH_PATHS = "$(inherited) @executable_path/Frameworks";
				PRODUCT_BUNDLE_IDENTIFIER = com.cerebrawl.OMDb;
				PRODUCT_NAME = "$(TARGET_NAME)";
				SWIFT_VERSION = 3.0;
			};
			name = Release;
		};
/* End XCBuildConfiguration section */

/* Begin XCConfigurationList section */
		60FAD74F1D979E35006ECA50 /* Build configuration list for PBXProject "OMDb" */ = {
			isa = XCConfigurationList;
			buildConfigurations = (
				60FAD7641D979E35006ECA50 /* Debug */,
				60FAD7651D979E35006ECA50 /* Release */,
			);
			defaultConfigurationIsVisible = 0;
			defaultConfigurationName = Release;
		};
		60FAD7661D979E35006ECA50 /* Build configuration list for PBXNativeTarget "OMDb" */ = {
			isa = XCConfigurationList;
			buildConfigurations = (
				60FAD7671D979E35006ECA50 /* Debug */,
				60FAD7681D979E35006ECA50 /* Release */,
			);
			defaultConfigurationIsVisible = 0;
			defaultConfigurationName = Release;
		};
/* End XCConfigurationList section */
	};
	rootObject = 60FAD74C1D979E35006ECA50 /* Project object */;
}
